// !$*UTF8*$!
{
	archiveVersion = 1;
	classes = {
	};
	objectVersion = 50;
	objects = {

/* Begin PBXBuildFile section */
		97B5552A21F3298A0080C6F9 /* AppDelegate.swift in Sources */ = {isa = PBXBuildFile; fileRef = 97B5552921F3298A0080C6F9 /* AppDelegate.swift */; };
		97B5552C21F3298A0080C6F9 /* ViewController.swift in Sources */ = {isa = PBXBuildFile; fileRef = 97B5552B21F3298A0080C6F9 /* ViewController.swift */; };
		97B5552F21F3298A0080C6F9 /* Main.storyboard in Resources */ = {isa = PBXBuildFile; fileRef = 97B5552D21F3298A0080C6F9 /* Main.storyboard */; };
		97B5553121F3298B0080C6F9 /* Assets.xcassets in Resources */ = {isa = PBXBuildFile; fileRef = 97B5553021F3298B0080C6F9 /* Assets.xcassets */; };
		97B5553421F3298B0080C6F9 /* LaunchScreen.storyboard in Resources */ = {isa = PBXBuildFile; fileRef = 97B5553221F3298B0080C6F9 /* LaunchScreen.storyboard */; };
		97B5553F21F3298C0080C6F9 /* Gai_GaiTests.swift in Sources */ = {isa = PBXBuildFile; fileRef = 97B5553E21F3298C0080C6F9 /* Gai_GaiTests.swift */; };
		97B5554A21F3298C0080C6F9 /* Gai_GaiUITests.swift in Sources */ = {isa = PBXBuildFile; fileRef = 97B5554921F3298C0080C6F9 /* Gai_GaiUITests.swift */; };
		97B5555821F329DD0080C6F9 /* WishlistScreen.swift in Sources */ = {isa = PBXBuildFile; fileRef = 97B5555721F329DD0080C6F9 /* WishlistScreen.swift */; };
		97B5555A21F32BA50080C6F9 /* FilterViewController.swift in Sources */ = {isa = PBXBuildFile; fileRef = 97B5555921F32BA50080C6F9 /* FilterViewController.swift */; };
		97E0C60B21F34A4B0039BCE5 /* DescriptionViewController.swift in Sources */ = {isa = PBXBuildFile; fileRef = 97E0C60A21F34A4B0039BCE5 /* DescriptionViewController.swift */; };
		97E0C60D21F3527F0039BCE5 /* CheckoutViewController.swift in Sources */ = {isa = PBXBuildFile; fileRef = 97E0C60C21F3527F0039BCE5 /* CheckoutViewController.swift */; };
		97E0C60F21F37B730039BCE5 /* WishlistCell.swift in Sources */ = {isa = PBXBuildFile; fileRef = 97E0C60E21F37B730039BCE5 /* WishlistCell.swift */; };
		97E0C61321F37D140039BCE5 /* Item.swift in Sources */ = {isa = PBXBuildFile; fileRef = 97E0C61221F37D140039BCE5 /* Item.swift */; };
/* End PBXBuildFile section */

/* Begin PBXContainerItemProxy section */
		97B5553B21F3298C0080C6F9 /* PBXContainerItemProxy */ = {
			isa = PBXContainerItemProxy;
			containerPortal = 97B5551E21F3298A0080C6F9 /* Project object */;
			proxyType = 1;
			remoteGlobalIDString = 97B5552521F3298A0080C6F9;
			remoteInfo = "Gai Gai";
		};
		97B5554621F3298C0080C6F9 /* PBXContainerItemProxy */ = {
			isa = PBXContainerItemProxy;
			containerPortal = 97B5551E21F3298A0080C6F9 /* Project object */;
			proxyType = 1;
			remoteGlobalIDString = 97B5552521F3298A0080C6F9;
			remoteInfo = "Gai Gai";
		};
/* End PBXContainerItemProxy section */

/* Begin PBXFileReference section */
		97B5552621F3298A0080C6F9 /* Gai Gai.app */ = {isa = PBXFileReference; explicitFileType = wrapper.application; includeInIndex = 0; path = "Gai Gai.app"; sourceTree = BUILT_PRODUCTS_DIR; };
		97B5552921F3298A0080C6F9 /* AppDelegate.swift */ = {isa = PBXFileReference; lastKnownFileType = sourcecode.swift; path = AppDelegate.swift; sourceTree = "<group>"; };
		97B5552B21F3298A0080C6F9 /* ViewController.swift */ = {isa = PBXFileReference; lastKnownFileType = sourcecode.swift; path = ViewController.swift; sourceTree = "<group>"; };
		97B5552E21F3298A0080C6F9 /* Base */ = {isa = PBXFileReference; lastKnownFileType = file.storyboard; name = Base; path = Base.lproj/Main.storyboard; sourceTree = "<group>"; };
		97B5553021F3298B0080C6F9 /* Assets.xcassets */ = {isa = PBXFileReference; lastKnownFileType = folder.assetcatalog; path = Assets.xcassets; sourceTree = "<group>"; };
		97B5553321F3298B0080C6F9 /* Base */ = {isa = PBXFileReference; lastKnownFileType = file.storyboard; name = Base; path = Base.lproj/LaunchScreen.storyboard; sourceTree = "<group>"; };
		97B5553521F3298B0080C6F9 /* Info.plist */ = {isa = PBXFileReference; lastKnownFileType = text.plist.xml; path = Info.plist; sourceTree = "<group>"; };
		97B5553A21F3298C0080C6F9 /* Gai GaiTests.xctest */ = {isa = PBXFileReference; explicitFileType = wrapper.cfbundle; includeInIndex = 0; path = "Gai GaiTests.xctest"; sourceTree = BUILT_PRODUCTS_DIR; };
		97B5553E21F3298C0080C6F9 /* Gai_GaiTests.swift */ = {isa = PBXFileReference; lastKnownFileType = sourcecode.swift; path = Gai_GaiTests.swift; sourceTree = "<group>"; };
		97B5554021F3298C0080C6F9 /* Info.plist */ = {isa = PBXFileReference; lastKnownFileType = text.plist.xml; path = Info.plist; sourceTree = "<group>"; };
		97B5554521F3298C0080C6F9 /* Gai GaiUITests.xctest */ = {isa = PBXFileReference; explicitFileType = wrapper.cfbundle; includeInIndex = 0; path = "Gai GaiUITests.xctest"; sourceTree = BUILT_PRODUCTS_DIR; };
		97B5554921F3298C0080C6F9 /* Gai_GaiUITests.swift */ = {isa = PBXFileReference; lastKnownFileType = sourcecode.swift; path = Gai_GaiUITests.swift; sourceTree = "<group>"; };
		97B5554B21F3298C0080C6F9 /* Info.plist */ = {isa = PBXFileReference; lastKnownFileType = text.plist.xml; path = Info.plist; sourceTree = "<group>"; };
		97B5555721F329DD0080C6F9 /* WishlistScreen.swift */ = {isa = PBXFileReference; lastKnownFileType = sourcecode.swift; path = WishlistScreen.swift; sourceTree = "<group>"; };
		97B5555921F32BA50080C6F9 /* FilterViewController.swift */ = {isa = PBXFileReference; lastKnownFileType = sourcecode.swift; path = FilterViewController.swift; sourceTree = "<group>"; };
		97E0C60A21F34A4B0039BCE5 /* DescriptionViewController.swift */ = {isa = PBXFileReference; lastKnownFileType = sourcecode.swift; path = DescriptionViewController.swift; sourceTree = "<group>"; };
		97E0C60C21F3527F0039BCE5 /* CheckoutViewController.swift */ = {isa = PBXFileReference; lastKnownFileType = sourcecode.swift; path = CheckoutViewController.swift; sourceTree = "<group>"; };
		97E0C60E21F37B730039BCE5 /* WishlistCell.swift */ = {isa = PBXFileReference; lastKnownFileType = sourcecode.swift; path = WishlistCell.swift; sourceTree = "<group>"; };
		97E0C61221F37D140039BCE5 /* Item.swift */ = {isa = PBXFileReference; lastKnownFileType = sourcecode.swift; path = Item.swift; sourceTree = "<group>"; };
/* End PBXFileReference section */

/* Begin PBXFrameworksBuildPhase section */
		97B5552321F3298A0080C6F9 /* Frameworks */ = {
			isa = PBXFrameworksBuildPhase;
			buildActionMask = 2147483647;
			files = (
			);
			runOnlyForDeploymentPostprocessing = 0;
		};
		97B5553721F3298C0080C6F9 /* Frameworks */ = {
			isa = PBXFrameworksBuildPhase;
			buildActionMask = 2147483647;
			files = (
			);
			runOnlyForDeploymentPostprocessing = 0;
		};
		97B5554221F3298C0080C6F9 /* Frameworks */ = {
			isa = PBXFrameworksBuildPhase;
			buildActionMask = 2147483647;
			files = (
			);
			runOnlyForDeploymentPostprocessing = 0;
		};
/* End PBXFrameworksBuildPhase section */

/* Begin PBXGroup section */
		97B5551D21F3298A0080C6F9 = {
			isa = PBXGroup;
			children = (
				97B5552821F3298A0080C6F9 /* Gai Gai */,
				97B5553D21F3298C0080C6F9 /* Gai GaiTests */,
				97B5554821F3298C0080C6F9 /* Gai GaiUITests */,
				97B5552721F3298A0080C6F9 /* Products */,
			);
			sourceTree = "<group>";
		};
		97B5552721F3298A0080C6F9 /* Products */ = {
			isa = PBXGroup;
			children = (
				97B5552621F3298A0080C6F9 /* Gai Gai.app */,
				97B5553A21F3298C0080C6F9 /* Gai GaiTests.xctest */,
				97B5554521F3298C0080C6F9 /* Gai GaiUITests.xctest */,
			);
			name = Products;
			sourceTree = "<group>";
		};
		97B5552821F3298A0080C6F9 /* Gai Gai */ = {
			isa = PBXGroup;
			children = (
				97E0C61221F37D140039BCE5 /* Item.swift */,
				97E0C60E21F37B730039BCE5 /* WishlistCell.swift */,
				97B5555721F329DD0080C6F9 /* WishlistScreen.swift */,
				97B5552D21F3298A0080C6F9 /* Main.storyboard */,
				97B5552B21F3298A0080C6F9 /* ViewController.swift */,
				97B5552921F3298A0080C6F9 /* AppDelegate.swift */,
				97E0C60A21F34A4B0039BCE5 /* DescriptionViewController.swift */,
				97B5555921F32BA50080C6F9 /* FilterViewController.swift */,
				97E0C60C21F3527F0039BCE5 /* CheckoutViewController.swift */,
				97B5553021F3298B0080C6F9 /* Assets.xcassets */,
				97B5553221F3298B0080C6F9 /* LaunchScreen.storyboard */,
				97B5553521F3298B0080C6F9 /* Info.plist */,
			);
			path = "Gai Gai";
			sourceTree = "<group>";
		};
		97B5553D21F3298C0080C6F9 /* Gai GaiTests */ = {
			isa = PBXGroup;
			children = (
				97B5553E21F3298C0080C6F9 /* Gai_GaiTests.swift */,
				97B5554021F3298C0080C6F9 /* Info.plist */,
			);
			path = "Gai GaiTests";
			sourceTree = "<group>";
		};
		97B5554821F3298C0080C6F9 /* Gai GaiUITests */ = {
			isa = PBXGroup;
			children = (
				97B5554921F3298C0080C6F9 /* Gai_GaiUITests.swift */,
				97B5554B21F3298C0080C6F9 /* Info.plist */,
			);
			path = "Gai GaiUITests";
			sourceTree = "<group>";
		};
/* End PBXGroup section */

/* Begin PBXNativeTarget section */
		97B5552521F3298A0080C6F9 /* Gai Gai */ = {
			isa = PBXNativeTarget;
			buildConfigurationList = 97B5554E21F3298C0080C6F9 /* Build configuration list for PBXNativeTarget "Gai Gai" */;
			buildPhases = (
				97B5552221F3298A0080C6F9 /* Sources */,
				97B5552321F3298A0080C6F9 /* Frameworks */,
				97B5552421F3298A0080C6F9 /* Resources */,
			);
			buildRules = (
			);
			dependencies = (
			);
			name = "Gai Gai";
			productName = "Gai Gai";
			productReference = 97B5552621F3298A0080C6F9 /* Gai Gai.app */;
			productType = "com.apple.product-type.application";
		};
		97B5553921F3298C0080C6F9 /* Gai GaiTests */ = {
			isa = PBXNativeTarget;
			buildConfigurationList = 97B5555121F3298C0080C6F9 /* Build configuration list for PBXNativeTarget "Gai GaiTests" */;
			buildPhases = (
				97B5553621F3298C0080C6F9 /* Sources */,
				97B5553721F3298C0080C6F9 /* Frameworks */,
				97B5553821F3298C0080C6F9 /* Resources */,
			);
			buildRules = (
			);
			dependencies = (
				97B5553C21F3298C0080C6F9 /* PBXTargetDependency */,
			);
			name = "Gai GaiTests";
			productName = "Gai GaiTests";
			productReference = 97B5553A21F3298C0080C6F9 /* Gai GaiTests.xctest */;
			productType = "com.apple.product-type.bundle.unit-test";
		};
		97B5554421F3298C0080C6F9 /* Gai GaiUITests */ = {
			isa = PBXNativeTarget;
			buildConfigurationList = 97B5555421F3298C0080C6F9 /* Build configuration list for PBXNativeTarget "Gai GaiUITests" */;
			buildPhases = (
				97B5554121F3298C0080C6F9 /* Sources */,
				97B5554221F3298C0080C6F9 /* Frameworks */,
				97B5554321F3298C0080C6F9 /* Resources */,
			);
			buildRules = (
			);
			dependencies = (
				97B5554721F3298C0080C6F9 /* PBXTargetDependency */,
			);
			name = "Gai GaiUITests";
			productName = "Gai GaiUITests";
			productReference = 97B5554521F3298C0080C6F9 /* Gai GaiUITests.xctest */;
			productType = "com.apple.product-type.bundle.ui-testing";
		};
/* End PBXNativeTarget section */

/* Begin PBXProject section */
		97B5551E21F3298A0080C6F9 /* Project object */ = {
			isa = PBXProject;
			attributes = {
				LastSwiftUpdateCheck = 1010;
				LastUpgradeCheck = 1010;
				ORGANIZATIONNAME = "Stephen Tang";
				TargetAttributes = {
					97B5552521F3298A0080C6F9 = {
						CreatedOnToolsVersion = 10.1;
					};
					97B5553921F3298C0080C6F9 = {
						CreatedOnToolsVersion = 10.1;
						TestTargetID = 97B5552521F3298A0080C6F9;
					};
					97B5554421F3298C0080C6F9 = {
						CreatedOnToolsVersion = 10.1;
						TestTargetID = 97B5552521F3298A0080C6F9;
					};
				};
			};
			buildConfigurationList = 97B5552121F3298A0080C6F9 /* Build configuration list for PBXProject "Gai Gai" */;
			compatibilityVersion = "Xcode 9.3";
			developmentRegion = en;
			hasScannedForEncodings = 0;
			knownRegions = (
				en,
				Base,
			);
			mainGroup = 97B5551D21F3298A0080C6F9;
			productRefGroup = 97B5552721F3298A0080C6F9 /* Products */;
			projectDirPath = "";
			projectRoot = "";
			targets = (
				97B5552521F3298A0080C6F9 /* Gai Gai */,
				97B5553921F3298C0080C6F9 /* Gai GaiTests */,
				97B5554421F3298C0080C6F9 /* Gai GaiUITests */,
			);
		};
/* End PBXProject section */

/* Begin PBXResourcesBuildPhase section */
		97B5552421F3298A0080C6F9 /* Resources */ = {
			isa = PBXResourcesBuildPhase;
			buildActionMask = 2147483647;
			files = (
				97B5553421F3298B0080C6F9 /* LaunchScreen.storyboard in Resources */,
				97B5553121F3298B0080C6F9 /* Assets.xcassets in Resources */,
				97B5552F21F3298A0080C6F9 /* Main.storyboard in Resources */,
			);
			runOnlyForDeploymentPostprocessing = 0;
		};
		97B5553821F3298C0080C6F9 /* Resources */ = {
			isa = PBXResourcesBuildPhase;
			buildActionMask = 2147483647;
			files = (
			);
			runOnlyForDeploymentPostprocessing = 0;
		};
		97B5554321F3298C0080C6F9 /* Resources */ = {
			isa = PBXResourcesBuildPhase;
			buildActionMask = 2147483647;
			files = (
			);
			runOnlyForDeploymentPostprocessing = 0;
		};
/* End PBXResourcesBuildPhase section */

/* Begin PBXSourcesBuildPhase section */
		97B5552221F3298A0080C6F9 /* Sources */ = {
			isa = PBXSourcesBuildPhase;
			buildActionMask = 2147483647;
			files = (
				97B5552C21F3298A0080C6F9 /* ViewController.swift in Sources */,
				97E0C60F21F37B730039BCE5 /* WishlistCell.swift in Sources */,
				97B5555821F329DD0080C6F9 /* WishlistScreen.swift in Sources */,
				97B5555A21F32BA50080C6F9 /* FilterViewController.swift in Sources */,
				97E0C61321F37D140039BCE5 /* Item.swift in Sources */,
				97E0C60B21F34A4B0039BCE5 /* DescriptionViewController.swift in Sources */,
				97E0C60D21F3527F0039BCE5 /* CheckoutViewController.swift in Sources */,
				97B5552A21F3298A0080C6F9 /* AppDelegate.swift in Sources */,
			);
			runOnlyForDeploymentPostprocessing = 0;
		};
		97B5553621F3298C0080C6F9 /* Sources */ = {
			isa = PBXSourcesBuildPhase;
			buildActionMask = 2147483647;
			files = (
				97B5553F21F3298C0080C6F9 /* Gai_GaiTests.swift in Sources */,
			);
			runOnlyForDeploymentPostprocessing = 0;
		};
		97B5554121F3298C0080C6F9 /* Sources */ = {
			isa = PBXSourcesBuildPhase;
			buildActionMask = 2147483647;
			files = (
				97B5554A21F3298C0080C6F9 /* Gai_GaiUITests.swift in Sources */,
			);
			runOnlyForDeploymentPostprocessing = 0;
		};
/* End PBXSourcesBuildPhase section */

/* Begin PBXTargetDependency section */
		97B5553C21F3298C0080C6F9 /* PBXTargetDependency */ = {
			isa = PBXTargetDependency;
			target = 97B5552521F3298A0080C6F9 /* Gai Gai */;
			targetProxy = 97B5553B21F3298C0080C6F9 /* PBXContainerItemProxy */;
		};
		97B5554721F3298C0080C6F9 /* PBXTargetDependency */ = {
			isa = PBXTargetDependency;
			target = 97B5552521F3298A0080C6F9 /* Gai Gai */;
			targetProxy = 97B5554621F3298C0080C6F9 /* PBXContainerItemProxy */;
		};
/* End PBXTargetDependency section */

/* Begin PBXVariantGroup section */
		97B5552D21F3298A0080C6F9 /* Main.storyboard */ = {
			isa = PBXVariantGroup;
			children = (
				97B5552E21F3298A0080C6F9 /* Base */,
			);
			name = Main.storyboard;
			sourceTree = "<group>";
		};
		97B5553221F3298B0080C6F9 /* LaunchScreen.storyboard */ = {
			isa = PBXVariantGroup;
			children = (
				97B5553321F3298B0080C6F9 /* Base */,
			);
			name = LaunchScreen.storyboard;
			sourceTree = "<group>";
		};
/* End PBXVariantGroup section */

/* Begin XCBuildConfiguration section */
		97B5554C21F3298C0080C6F9 /* Debug */ = {
			isa = XCBuildConfiguration;
			buildSettings = {
				ALWAYS_SEARCH_USER_PATHS = NO;
				CLANG_ANALYZER_NONNULL = YES;
				CLANG_ANALYZER_NUMBER_OBJECT_CONVERSION = YES_AGGRESSIVE;
				CLANG_CXX_LANGUAGE_STANDARD = "gnu++14";
				CLANG_CXX_LIBRARY = "libc++";
				CLANG_ENABLE_MODULES = YES;
				CLANG_ENABLE_OBJC_ARC = YES;
				CLANG_ENABLE_OBJC_WEAK = YES;
				CLANG_WARN_BLOCK_CAPTURE_AUTORELEASING = YES;
				CLANG_WARN_BOOL_CONVERSION = YES;
				CLANG_WARN_COMMA = YES;
				CLANG_WARN_CONSTANT_CONVERSION = YES;
				CLANG_WARN_DEPRECATED_OBJC_IMPLEMENTATIONS = YES;
				CLANG_WARN_DIRECT_OBJC_ISA_USAGE = YES_ERROR;
				CLANG_WARN_DOCUMENTATION_COMMENTS = YES;
				CLANG_WARN_EMPTY_BODY = YES;
				CLANG_WARN_ENUM_CONVERSION = YES;
				CLANG_WARN_INFINITE_RECURSION = YES;
				CLANG_WARN_INT_CONVERSION = YES;
				CLANG_WARN_NON_LITERAL_NULL_CONVERSION = YES;
				CLANG_WARN_OBJC_IMPLICIT_RETAIN_SELF = YES;
				CLANG_WARN_OBJC_LITERAL_CONVERSION = YES;
				CLANG_WARN_OBJC_ROOT_CLASS = YES_ERROR;
				CLANG_WARN_RANGE_LOOP_ANALYSIS = YES;
				CLANG_WARN_STRICT_PROTOTYPES = YES;
				CLANG_WARN_SUSPICIOUS_MOVE = YES;
				CLANG_WARN_UNGUARDED_AVAILABILITY = YES_AGGRESSIVE;
				CLANG_WARN_UNREACHABLE_CODE = YES;
				CLANG_WARN__DUPLICATE_METHOD_MATCH = YES;
				CODE_SIGN_IDENTITY = "iPhone Developer";
				COPY_PHASE_STRIP = NO;
				DEBUG_INFORMATION_FORMAT = dwarf;
				ENABLE_STRICT_OBJC_MSGSEND = YES;
				ENABLE_TESTABILITY = YES;
				GCC_C_LANGUAGE_STANDARD = gnu11;
				GCC_DYNAMIC_NO_PIC = NO;
				GCC_NO_COMMON_BLOCKS = YES;
				GCC_OPTIMIZATION_LEVEL = 0;
				GCC_PREPROCESSOR_DEFINITIONS = (
					"DEBUG=1",
					"$(inherited)",
				);
				GCC_WARN_64_TO_32_BIT_CONVERSION = YES;
				GCC_WARN_ABOUT_RETURN_TYPE = YES_ERROR;
				GCC_WARN_UNDECLARED_SELECTOR = YES;
				GCC_WARN_UNINITIALIZED_AUTOS = YES_AGGRESSIVE;
				GCC_WARN_UNUSED_FUNCTION = YES;
				GCC_WARN_UNUSED_VARIABLE = YES;
				IPHONEOS_DEPLOYMENT_TARGET = 12.1;
				MTL_ENABLE_DEBUG_INFO = INCLUDE_SOURCE;
				MTL_FAST_MATH = YES;
				ONLY_ACTIVE_ARCH = YES;
				SDKROOT = iphoneos;
				SWIFT_ACTIVE_COMPILATION_CONDITIONS = DEBUG;
				SWIFT_OPTIMIZATION_LEVEL = "-Onone";
			};
			name = Debug;
		};
		97B5554D21F3298C0080C6F9 /* Release */ = {
			isa = XCBuildConfiguration;
			buildSettings = {
				ALWAYS_SEARCH_USER_PATHS = NO;
				CLANG_ANALYZER_NONNULL = YES;
				CLANG_ANALYZER_NUMBER_OBJECT_CONVERSION = YES_AGGRESSIVE;
				CLANG_CXX_LANGUAGE_STANDARD = "gnu++14";
				CLANG_CXX_LIBRARY = "libc++";
				CLANG_ENABLE_MODULES = YES;
				CLANG_ENABLE_OBJC_ARC = YES;
				CLANG_ENABLE_OBJC_WEAK = YES;
				CLANG_WARN_BLOCK_CAPTURE_AUTORELEASING = YES;
				CLANG_WARN_BOOL_CONVERSION = YES;
				CLANG_WARN_COMMA = YES;
				CLANG_WARN_CONSTANT_CONVERSION = YES;
				CLANG_WARN_DEPRECATED_OBJC_IMPLEMENTATIONS = YES;
				CLANG_WARN_DIRECT_OBJC_ISA_USAGE = YES_ERROR;
				CLANG_WARN_DOCUMENTATION_COMMENTS = YES;
				CLANG_WARN_EMPTY_BODY = YES;
				CLANG_WARN_ENUM_CONVERSION = YES;
				CLANG_WARN_INFINITE_RECURSION = YES;
				CLANG_WARN_INT_CONVERSION = YES;
				CLANG_WARN_NON_LITERAL_NULL_CONVERSION = YES;
				CLANG_WARN_OBJC_IMPLICIT_RETAIN_SELF = YES;
				CLANG_WARN_OBJC_LITERAL_CONVERSION = YES;
				CLANG_WARN_OBJC_ROOT_CLASS = YES_ERROR;
				CLANG_WARN_RANGE_LOOP_ANALYSIS = YES;
				CLANG_WARN_STRICT_PROTOTYPES = YES;
				CLANG_WARN_SUSPICIOUS_MOVE = YES;
				CLANG_WARN_UNGUARDED_AVAILABILITY = YES_AGGRESSIVE;
				CLANG_WARN_UNREACHABLE_CODE = YES;
				CLANG_WARN__DUPLICATE_METHOD_MATCH = YES;
				CODE_SIGN_IDENTITY = "iPhone Developer";
				COPY_PHASE_STRIP = NO;
				DEBUG_INFORMATION_FORMAT = "dwarf-with-dsym";
				ENABLE_NS_ASSERTIONS = NO;
				ENABLE_STRICT_OBJC_MSGSEND = YES;
				GCC_C_LANGUAGE_STANDARD = gnu11;
				GCC_NO_COMMON_BLOCKS = YES;
				GCC_WARN_64_TO_32_BIT_CONVERSION = YES;
				GCC_WARN_ABOUT_RETURN_TYPE = YES_ERROR;
				GCC_WARN_UNDECLARED_SELECTOR = YES;
				GCC_WARN_UNINITIALIZED_AUTOS = YES_AGGRESSIVE;
				GCC_WARN_UNUSED_FUNCTION = YES;
				GCC_WARN_UNUSED_VARIABLE = YES;
				IPHONEOS_DEPLOYMENT_TARGET = 12.1;
				MTL_ENABLE_DEBUG_INFO = NO;
				MTL_FAST_MATH = YES;
				SDKROOT = iphoneos;
				SWIFT_COMPILATION_MODE = wholemodule;
				SWIFT_OPTIMIZATION_LEVEL = "-O";
				VALIDATE_PRODUCT = YES;
			};
			name = Release;
		};
		97B5554F21F3298C0080C6F9 /* Debug */ = {
			isa = XCBuildConfiguration;
			buildSettings = {
				ASSETCATALOG_COMPILER_APPICON_NAME = AppIcon;
				CODE_SIGN_STYLE = Automatic;
				INFOPLIST_FILE = "Gai Gai/Info.plist";
				LD_RUNPATH_SEARCH_PATHS = (
					"$(inherited)",
					"@executable_path/Frameworks",
				);
				PRODUCT_BUNDLE_IDENTIFIER = "com.stephen-tang.Gai-Gai";
				PRODUCT_NAME = "$(TARGET_NAME)";
				SWIFT_VERSION = 4.2;
				TARGETED_DEVICE_FAMILY = "1,2";
			};
			name = Debug;
		};
		97B5555021F3298C0080C6F9 /* Release */ = {
			isa = XCBuildConfiguration;
			buildSettings = {
				ASSETCATALOG_COMPILER_APPICON_NAME = AppIcon;
				CODE_SIGN_STYLE = Automatic;
				INFOPLIST_FILE = "Gai Gai/Info.plist";
				LD_RUNPATH_SEARCH_PATHS = (
					"$(inherited)",
					"@executable_path/Frameworks",
				);
				PRODUCT_BUNDLE_IDENTIFIER = "com.stephen-tang.Gai-Gai";
				PRODUCT_NAME = "$(TARGET_NAME)";
				SWIFT_VERSION = 4.2;
				TARGETED_DEVICE_FAMILY = "1,2";
			};
			name = Release;
		};
		97B5555221F3298C0080C6F9 /* Debug */ = {
			isa = XCBuildConfiguration;
			buildSettings = {
				ALWAYS_EMBED_SWIFT_STANDARD_LIBRARIES = YES;
				BUNDLE_LOADER = "$(TEST_HOST)";
				CODE_SIGN_STYLE = Automatic;
				INFOPLIST_FILE = "Gai GaiTests/Info.plist";
				LD_RUNPATH_SEARCH_PATHS = (
					"$(inherited)",
					"@executable_path/Frameworks",
					"@loader_path/Frameworks",
				);
				PRODUCT_BUNDLE_IDENTIFIER = "com.stephen-tang.Gai-GaiTests";
				PRODUCT_NAME = "$(TARGET_NAME)";
				SWIFT_VERSION = 4.2;
				TARGETED_DEVICE_FAMILY = "1,2";
				TEST_HOST = "$(BUILT_PRODUCTS_DIR)/Gai Gai.app/Gai Gai";
			};
			name = Debug;
		};
		97B5555321F3298C0080C6F9 /* Release */ = {
			isa = XCBuildConfiguration;
			buildSettings = {
				ALWAYS_EMBED_SWIFT_STANDARD_LIBRARIES = YES;
				BUNDLE_LOADER = "$(TEST_HOST)";
				CODE_SIGN_STYLE = Automatic;
				INFOPLIST_FILE = "Gai GaiTests/Info.plist";
				LD_RUNPATH_SEARCH_PATHS = (
					"$(inherited)",
					"@executable_path/Frameworks",
					"@loader_path/Frameworks",
				);
				PRODUCT_BUNDLE_IDENTIFIER = "com.stephen-tang.Gai-GaiTests";
				PRODUCT_NAME = "$(TARGET_NAME)";
				SWIFT_VERSION = 4.2;
				TARGETED_DEVICE_FAMILY = "1,2";
				TEST_HOST = "$(BUILT_PRODUCTS_DIR)/Gai Gai.app/Gai Gai";
			};
			name = Release;
		};
		97B5555521F3298C0080C6F9 /* Debug */ = {
			isa = XCBuildConfiguration;
			buildSettings = {
				ALWAYS_EMBED_SWIFT_STANDARD_LIBRARIES = YES;
				CODE_SIGN_STYLE = Automatic;
				INFOPLIST_FILE = "Gai GaiUITests/Info.plist";
				LD_RUNPATH_SEARCH_PATHS = (
					"$(inherited)",
					"@executable_path/Frameworks",
					"@loader_path/Frameworks",
				);
				PRODUCT_BUNDLE_IDENTIFIER = "com.stephen-tang.Gai-GaiUITests";
				PRODUCT_NAME = "$(TARGET_NAME)";
				SWIFT_VERSION = 4.2;
				TARGETED_DEVICE_FAMILY = "1,2";
				TEST_TARGET_NAME = "Gai Gai";
			};
			name = Debug;
		};
		97B5555621F3298C0080C6F9 /* Release */ = {
			isa = XCBuildConfiguration;
			buildSettings = {
				ALWAYS_EMBED_SWIFT_STANDARD_LIBRARIES = YES;
				CODE_SIGN_STYLE = Automatic;
				INFOPLIST_FILE = "Gai GaiUITests/Info.plist";
				LD_RUNPATH_SEARCH_PATHS = (
					"$(inherited)",
					"@executable_path/Frameworks",
					"@loader_path/Frameworks",
				);
				PRODUCT_BUNDLE_IDENTIFIER = "com.stephen-tang.Gai-GaiUITests";
				PRODUCT_NAME = "$(TARGET_NAME)";
				SWIFT_VERSION = 4.2;
				TARGETED_DEVICE_FAMILY = "1,2";
				TEST_TARGET_NAME = "Gai Gai";
			};
			name = Release;
		};
/* End XCBuildConfiguration section */

/* Begin XCConfigurationList section */
		97B5552121F3298A0080C6F9 /* Build configuration list for PBXProject "Gai Gai" */ = {
			isa = XCConfigurationList;
			buildConfigurations = (
				97B5554C21F3298C0080C6F9 /* Debug */,
				97B5554D21F3298C0080C6F9 /* Release */,
			);
			defaultConfigurationIsVisible = 0;
			defaultConfigurationName = Release;
		};
		97B5554E21F3298C0080C6F9 /* Build configuration list for PBXNativeTarget "Gai Gai" */ = {
			isa = XCConfigurationList;
			buildConfigurations = (
				97B5554F21F3298C0080C6F9 /* Debug */,
				97B5555021F3298C0080C6F9 /* Release */,
			);
			defaultConfigurationIsVisible = 0;
			defaultConfigurationName = Release;
		};
		97B5555121F3298C0080C6F9 /* Build configuration list for PBXNativeTarget "Gai GaiTests" */ = {
			isa = XCConfigurationList;
			buildConfigurations = (
				97B5555221F3298C0080C6F9 /* Debug */,
				97B5555321F3298C0080C6F9 /* Release */,
			);
			defaultConfigurationIsVisible = 0;
			defaultConfigurationName = Release;
		};
		97B5555421F3298C0080C6F9 /* Build configuration list for PBXNativeTarget "Gai GaiUITests" */ = {
			isa = XCConfigurationList;
			buildConfigurations = (
				97B5555521F3298C0080C6F9 /* Debug */,
				97B5555621F3298C0080C6F9 /* Release */,
			);
			defaultConfigurationIsVisible = 0;
			defaultConfigurationName = Release;
		};
/* End XCConfigurationList section */
	};
	rootObject = 97B5551E21F3298A0080C6F9 /* Project object */;
}
